
Microsoft Visual Studio Solution File, Format Version 12.00
# Visual Studio Version 17
VisualStudioVersion = 17.0.31903.59
MinimumVisualStudioVersion = 10.0.40219.1
Project("{9A19103F-16F7-4668-BE54-9A1E7A4F7556}") = "DiscordBot", "DiscordBot\DiscordBot.csproj", "{5109A445-2F85-42E5-989B-8B169A9B8E5B}"
EndProject
Project("{2150E333-8FDC-42A3-9474-1A3956D46DE8}") = "Solution Items", "Solution Items", "{FB098850-EA8D-4BD1-A025-9B690FE09A68}"
	ProjectSection(SolutionItems) = preProject
		.env = .env
	EndProjectSection
EndProject
Global
	GlobalSection(SolutionConfigurationPlatforms) = preSolution
		Debug|Any CPU = Debug|Any CPU
		Release|Any CPU = Release|Any CPU
	EndGlobalSection
	GlobalSection(ProjectConfigurationPlatforms) = postSolution
		{5109A445-2F85-42E5-989B-8B169A9B8E5B}.Debug|Any CPU.ActiveCfg = Debug|Any CPU
		{5109A445-2F85-42E5-989B-8B169A9B8E5B}.Debug|Any CPU.Build.0 = Debug|Any CPU
		{5109A445-2F85-42E5-989B-8B169A9B8E5B}.Release|Any CPU.ActiveCfg = Release|Any CPU
		{5109A445-2F85-42E5-989B-8B169A9B8E5B}.Release|Any CPU.Build.0 = Release|Any CPU
	EndGlobalSection
	GlobalSection(SolutionProperties) = preSolution
		HideSolutionNode = FALSE
	EndGlobalSection
	GlobalSection(ExtensibilityGlobals) = postSolution
		SolutionGuid = {6842EF35-C257-4BB7-BFAC-D7E5AE979836}
	EndGlobalSection
EndGlobal
